{
  "originHash" : "4943735d6dca5128731d88f03eeff0312228f60c1a989eb1ca6e9aa269113113",
  "pins" : [
    {
      "identity" : "fluidaudio",
      "kind" : "remoteSourceControl",
      "location" : "https://github.com/FluidInference/FluidAudio",
      "state" : {
        "branch" : "main",
        "revision" : "df8bea507a16c27d99ea5c3b5278083b91e9957b"
      }
    }
  ],
  "version" : 3
}
