// !$*UTF8*$!
{
	archiveVersion = 1;
	classes = {
	};
	objectVersion = 56;
	objects = {

/* Begin PBXBuildFile section */
		E4A734792C14286700ECC3B4 /* TalkeeApp.swift in Sources */ = {isa = PBXBuildFile; fileRef = E4A734782C14286700ECC3B4 /* TalkeeApp.swift */; };
		E4A7347B2C14286700ECC3B4 /* MainTabView.swift in Sources */ = {isa = PBXBuildFile; fileRef = E4A7347A2C14286700ECC3B4 /* MainTabView.swift */; };
		E4A7347F2C14286800ECC3B4 /* Assets.xcassets in Resources */ = {isa = PBXBuildFile; fileRef = E4A7347E2C14286800ECC3B4 /* Assets.xcassets */; };
		E4A7348A2C1428AA00ECC3B4 /* SwiftWhisper in Frameworks */ = {isa = PBXBuildFile; productRef = E4A734892C1428AA00ECC3B4 /* SwiftWhisper */; };
		E4A7348C2C1429E300ECC3B4 /* TalkNowView.swift in Sources */ = {isa = PBXBuildFile; fileRef = E4A7348B2C1429E300ECC3B4 /* TalkNowView.swift */; };
		E4A734912C14302F00ECC3B4 /* Komponents in Frameworks */ = {isa = PBXBuildFile; productRef = E4A734902C14302F00ECC3B4 /* Komponents */; };
		E4A734932C14322B00ECC3B4 /* ggml-small.en.bin in Resources */ = {isa = PBXBuildFile; fileRef = E4A734922C14322B00ECC3B4 /* ggml-small.en.bin */; };
		E4A734972C1433B300ECC3B4 /* ggml-small.en-encoder.mlmodelc in Resources */ = {isa = PBXBuildFile; fileRef = E4A734962C1433B300ECC3B4 /* ggml-small.en-encoder.mlmodelc */; };
/* End PBXBuildFile section */

/* Begin PBXFileReference section */
		E4A734752C14286700ECC3B4 /* Talkee.app */ = {isa = PBXFileReference; explicitFileType = wrapper.application; includeInIndex = 0; path = Talkee.app; sourceTree = BUILT_PRODUCTS_DIR; };
		E4A734782C14286700ECC3B4 /* TalkeeApp.swift */ = {isa = PBXFileReference; lastKnownFileType = sourcecode.swift; path = TalkeeApp.swift; sourceTree = "<group>"; };
		E4A7347A2C14286700ECC3B4 /* MainTabView.swift */ = {isa = PBXFileReference; lastKnownFileType = sourcecode.swift; path = MainTabView.swift; sourceTree = "<group>"; };
		E4A7347E2C14286800ECC3B4 /* Assets.xcassets */ = {isa = PBXFileReference; lastKnownFileType = folder.assetcatalog; path = Assets.xcassets; sourceTree = "<group>"; };
		E4A7348B2C1429E300ECC3B4 /* TalkNowView.swift */ = {isa = PBXFileReference; lastKnownFileType = sourcecode.swift; path = TalkNowView.swift; sourceTree = "<group>"; };
		E4A734922C14322B00ECC3B4 /* ggml-small.en.bin */ = {isa = PBXFileReference; lastKnownFileType = archive.macbinary; path = "ggml-small.en.bin"; sourceTree = "<group>"; };
		E4A734962C1433B300ECC3B4 /* ggml-small.en-encoder.mlmodelc */ = {isa = PBXFileReference; lastKnownFileType = wrapper; path = "ggml-small.en-encoder.mlmodelc"; sourceTree = "<group>"; };
/* End PBXFileReference section */

/* Begin PBXFrameworksBuildPhase section */
		E4A734722C14286700ECC3B4 /* Frameworks */ = {
			isa = PBXFrameworksBuildPhase;
			buildActionMask = 2147483647;
			files = (
				E4A734912C14302F00ECC3B4 /* Komponents in Frameworks */,
				E4A7348A2C1428AA00ECC3B4 /* SwiftWhisper in Frameworks */,
			);
			runOnlyForDeploymentPostprocessing = 0;
		};
/* End PBXFrameworksBuildPhase section */

/* Begin PBXGroup section */
		E4A7346C2C14286700ECC3B4 = {
			isa = PBXGroup;
			children = (
				E4A734772C14286700ECC3B4 /* Talkee */,
				E4A734762C14286700ECC3B4 /* Products */,
			);
			sourceTree = "<group>";
		};
		E4A734762C14286700ECC3B4 /* Products */ = {
			isa = PBXGroup;
			children = (
				E4A734752C14286700ECC3B4 /* Talkee.app */,
			);
			name = Products;
			sourceTree = "<group>";
		};
		E4A734772C14286700ECC3B4 /* Talkee */ = {
			isa = PBXGroup;
			children = (
				E4A7347E2C14286800ECC3B4 /* Assets.xcassets */,
				E4A734922C14322B00ECC3B4 /* ggml-small.en.bin */,
				E4A734962C1433B300ECC3B4 /* ggml-small.en-encoder.mlmodelc */,
				E4A734782C14286700ECC3B4 /* TalkeeApp.swift */,
				E4A7347A2C14286700ECC3B4 /* MainTabView.swift */,
				E4A7348B2C1429E300ECC3B4 /* TalkNowView.swift */,
			);
			path = Talkee;
			sourceTree = "<group>";
		};
/* End PBXGroup section */

/* Begin PBXNativeTarget section */
		E4A734742C14286700ECC3B4 /* Talkee */ = {
			isa = PBXNativeTarget;
			buildConfigurationList = E4A734852C14286800ECC3B4 /* Build configuration list for PBXNativeTarget "Talkee" */;
			buildPhases = (
				E4A734712C14286700ECC3B4 /* Sources */,
				E4A734722C14286700ECC3B4 /* Frameworks */,
				E4A734732C14286700ECC3B4 /* Resources */,
			);
			buildRules = (
			);
			dependencies = (
			);
			name = Talkee;
			packageProductDependencies = (
				E4A734892C1428AA00ECC3B4 /* SwiftWhisper */,
				E4A734902C14302F00ECC3B4 /* Komponents */,
			);
			productName = Talkee;
			productReference = E4A734752C14286700ECC3B4 /* Talkee.app */;
			productType = "com.apple.product-type.application";
		};
/* End PBXNativeTarget section */

/* Begin PBXProject section */
		E4A7346D2C14286700ECC3B4 /* Project object */ = {
			isa = PBXProject;
			attributes = {
				BuildIndependentTargetsInParallel = 1;
				LastSwiftUpdateCheck = 1540;
				LastUpgradeCheck = 1540;
				TargetAttributes = {
					E4A734742C14286700ECC3B4 = {
						CreatedOnToolsVersion = 15.4;
					};
				};
			};
			buildConfigurationList = E4A734702C14286700ECC3B4 /* Build configuration list for PBXProject "Talkee" */;
			compatibilityVersion = "Xcode 14.0";
			developmentRegion = en;
			hasScannedForEncodings = 0;
			knownRegions = (
				en,
				Base,
			);
			mainGroup = E4A7346C2C14286700ECC3B4;
			packageReferences = (
				E4A734882C1428AA00ECC3B4 /* XCRemoteSwiftPackageReference "SwiftWhisper" */,
				E4A7348F2C14302F00ECC3B4 /* XCRemoteSwiftPackageReference "Komponents" */,
			);
			productRefGroup = E4A734762C14286700ECC3B4 /* Products */;
			projectDirPath = "";
			projectRoot = "";
			targets = (
				E4A734742C14286700ECC3B4 /* Talkee */,
			);
		};
/* End PBXProject section */

/* Begin PBXResourcesBuildPhase section */
		E4A734732C14286700ECC3B4 /* Resources */ = {
			isa = PBXResourcesBuildPhase;
			buildActionMask = 2147483647;
			files = (
				E4A734972C1433B300ECC3B4 /* ggml-small.en-encoder.mlmodelc in Resources */,
				E4A734932C14322B00ECC3B4 /* ggml-small.en.bin in Resources */,
				E4A7347F2C14286800ECC3B4 /* Assets.xcassets in Resources */,
			);
			runOnlyForDeploymentPostprocessing = 0;
		};
/* End PBXResourcesBuildPhase section */

/* Begin PBXSourcesBuildPhase section */
		E4A734712C14286700ECC3B4 /* Sources */ = {
			isa = PBXSourcesBuildPhase;
			buildActionMask = 2147483647;
			files = (
				E4A7348C2C1429E300ECC3B4 /* TalkNowView.swift in Sources */,
				E4A7347B2C14286700ECC3B4 /* MainTabView.swift in Sources */,
				E4A734792C14286700ECC3B4 /* TalkeeApp.swift in Sources */,
			);
			runOnlyForDeploymentPostprocessing = 0;
		};
/* End PBXSourcesBuildPhase section */

/* Begin XCBuildConfiguration section */
		E4A734832C14286800ECC3B4 /* Debug */ = {
			isa = XCBuildConfiguration;
			buildSettings = {
				ALWAYS_SEARCH_USER_PATHS = NO;
				ASSETCATALOG_COMPILER_GENERATE_SWIFT_ASSET_SYMBOL_EXTENSIONS = YES;
				CLANG_ANALYZER_NONNULL = YES;
				CLANG_ANALYZER_NUMBER_OBJECT_CONVERSION = YES_AGGRESSIVE;
				CLANG_CXX_LANGUAGE_STANDARD = "gnu++20";
				CLANG_ENABLE_MODULES = YES;
				CLANG_ENABLE_OBJC_ARC = YES;
				CLANG_ENABLE_OBJC_WEAK = YES;
				CLANG_WARN_BLOCK_CAPTURE_AUTORELEASING = YES;
				CLANG_WARN_BOOL_CONVERSION = YES;
				CLANG_WARN_COMMA = YES;
				CLANG_WARN_CONSTANT_CONVERSION = YES;
				CLANG_WARN_DEPRECATED_OBJC_IMPLEMENTATIONS = YES;
				CLANG_WARN_DIRECT_OBJC_ISA_USAGE = YES_ERROR;
				CLANG_WARN_DOCUMENTATION_COMMENTS = YES;
				CLANG_WARN_EMPTY_BODY = YES;
				CLANG_WARN_ENUM_CONVERSION = YES;
				CLANG_WARN_INFINITE_RECURSION = YES;
				CLANG_WARN_INT_CONVERSION = YES;
				CLANG_WARN_NON_LITERAL_NULL_CONVERSION = YES;
				CLANG_WARN_OBJC_IMPLICIT_RETAIN_SELF = YES;
				CLANG_WARN_OBJC_LITERAL_CONVERSION = YES;
				CLANG_WARN_OBJC_ROOT_CLASS = YES_ERROR;
				CLANG_WARN_QUOTED_INCLUDE_IN_FRAMEWORK_HEADER = YES;
				CLANG_WARN_RANGE_LOOP_ANALYSIS = YES;
				CLANG_WARN_STRICT_PROTOTYPES = YES;
				CLANG_WARN_SUSPICIOUS_MOVE = YES;
				CLANG_WARN_UNGUARDED_AVAILABILITY = YES_AGGRESSIVE;
				CLANG_WARN_UNREACHABLE_CODE = YES;
				CLANG_WARN__DUPLICATE_METHOD_MATCH = YES;
				COPY_PHASE_STRIP = NO;
				DEBUG_INFORMATION_FORMAT = dwarf;
				ENABLE_STRICT_OBJC_MSGSEND = YES;
				ENABLE_TESTABILITY = YES;
				ENABLE_USER_SCRIPT_SANDBOXING = YES;
				GCC_C_LANGUAGE_STANDARD = gnu17;
				GCC_DYNAMIC_NO_PIC = NO;
				GCC_NO_COMMON_BLOCKS = YES;
				GCC_OPTIMIZATION_LEVEL = 0;
				GCC_PREPROCESSOR_DEFINITIONS = (
					"DEBUG=1",
					"$(inherited)",
				);
				GCC_WARN_64_TO_32_BIT_CONVERSION = YES;
				GCC_WARN_ABOUT_RETURN_TYPE = YES_ERROR;
				GCC_WARN_UNDECLARED_SELECTOR = YES;
				GCC_WARN_UNINITIALIZED_AUTOS = YES_AGGRESSIVE;
				GCC_WARN_UNUSED_FUNCTION = YES;
				GCC_WARN_UNUSED_VARIABLE = YES;
				IPHONEOS_DEPLOYMENT_TARGET = 17.5;
				LOCALIZATION_PREFERS_STRING_CATALOGS = YES;
				MTL_ENABLE_DEBUG_INFO = INCLUDE_SOURCE;
				MTL_FAST_MATH = YES;
				ONLY_ACTIVE_ARCH = YES;
				SDKROOT = iphoneos;
				SWIFT_ACTIVE_COMPILATION_CONDITIONS = "DEBUG $(inherited)";
				SWIFT_OPTIMIZATION_LEVEL = "-Onone";
			};
			name = Debug;
		};
		E4A734842C14286800ECC3B4 /* Release */ = {
			isa = XCBuildConfiguration;
			buildSettings = {
				ALWAYS_SEARCH_USER_PATHS = NO;
				ASSETCATALOG_COMPILER_GENERATE_SWIFT_ASSET_SYMBOL_EXTENSIONS = YES;
				CLANG_ANALYZER_NONNULL = YES;
				CLANG_ANALYZER_NUMBER_OBJECT_CONVERSION = YES_AGGRESSIVE;
				CLANG_CXX_LANGUAGE_STANDARD = "gnu++20";
				CLANG_ENABLE_MODULES = YES;
				CLANG_ENABLE_OBJC_ARC = YES;
				CLANG_ENABLE_OBJC_WEAK = YES;
				CLANG_WARN_BLOCK_CAPTURE_AUTORELEASING = YES;
				CLANG_WARN_BOOL_CONVERSION = YES;
				CLANG_WARN_COMMA = YES;
				CLANG_WARN_CONSTANT_CONVERSION = YES;
				CLANG_WARN_DEPRECATED_OBJC_IMPLEMENTATIONS = YES;
				CLANG_WARN_DIRECT_OBJC_ISA_USAGE = YES_ERROR;
				CLANG_WARN_DOCUMENTATION_COMMENTS = YES;
				CLANG_WARN_EMPTY_BODY = YES;
				CLANG_WARN_ENUM_CONVERSION = YES;
				CLANG_WARN_INFINITE_RECURSION = YES;
				CLANG_WARN_INT_CONVERSION = YES;
				CLANG_WARN_NON_LITERAL_NULL_CONVERSION = YES;
				CLANG_WARN_OBJC_IMPLICIT_RETAIN_SELF = YES;
				CLANG_WARN_OBJC_LITERAL_CONVERSION = YES;
				CLANG_WARN_OBJC_ROOT_CLASS = YES_ERROR;
				CLANG_WARN_QUOTED_INCLUDE_IN_FRAMEWORK_HEADER = YES;
				CLANG_WARN_RANGE_LOOP_ANALYSIS = YES;
				CLANG_WARN_STRICT_PROTOTYPES = YES;
				CLANG_WARN_SUSPICIOUS_MOVE = YES;
				CLANG_WARN_UNGUARDED_AVAILABILITY = YES_AGGRESSIVE;
				CLANG_WARN_UNREACHABLE_CODE = YES;
				CLANG_WARN__DUPLICATE_METHOD_MATCH = YES;
				COPY_PHASE_STRIP = NO;
				DEBUG_INFORMATION_FORMAT = "dwarf-with-dsym";
				ENABLE_NS_ASSERTIONS = NO;
				ENABLE_STRICT_OBJC_MSGSEND = YES;
				ENABLE_USER_SCRIPT_SANDBOXING = YES;
				GCC_C_LANGUAGE_STANDARD = gnu17;
				GCC_NO_COMMON_BLOCKS = YES;
				GCC_WARN_64_TO_32_BIT_CONVERSION = YES;
				GCC_WARN_ABOUT_RETURN_TYPE = YES_ERROR;
				GCC_WARN_UNDECLARED_SELECTOR = YES;
				GCC_WARN_UNINITIALIZED_AUTOS = YES_AGGRESSIVE;
				GCC_WARN_UNUSED_FUNCTION = YES;
				GCC_WARN_UNUSED_VARIABLE = YES;
				IPHONEOS_DEPLOYMENT_TARGET = 17.5;
				LOCALIZATION_PREFERS_STRING_CATALOGS = YES;
				MTL_ENABLE_DEBUG_INFO = NO;
				MTL_FAST_MATH = YES;
				SDKROOT = iphoneos;
				SWIFT_COMPILATION_MODE = wholemodule;
				VALIDATE_PRODUCT = YES;
			};
			name = Release;
		};
		E4A734862C14286800ECC3B4 /* Debug */ = {
			isa = XCBuildConfiguration;
			buildSettings = {
				ASSETCATALOG_COMPILER_APPICON_NAME = AppIcon;
				ASSETCATALOG_COMPILER_GLOBAL_ACCENT_COLOR_NAME = AccentColor;
				CODE_SIGN_STYLE = Automatic;
				CURRENT_PROJECT_VERSION = 1;
				DEVELOPMENT_TEAM = YYM4Z6MU8F;
				ENABLE_PREVIEWS = YES;
				GENERATE_INFOPLIST_FILE = YES;
				INFOPLIST_KEY_NSMicrophoneUsageDescription = "Talkee uses your microphone to transcribe speech picked up from it.";
				INFOPLIST_KEY_UIApplicationSceneManifest_Generation = YES;
				INFOPLIST_KEY_UIApplicationSupportsIndirectInputEvents = YES;
				INFOPLIST_KEY_UILaunchScreen_Generation = YES;
				INFOPLIST_KEY_UISupportedInterfaceOrientations_iPad = "UIInterfaceOrientationPortrait UIInterfaceOrientationPortraitUpsideDown UIInterfaceOrientationLandscapeLeft UIInterfaceOrientationLandscapeRight";
				INFOPLIST_KEY_UISupportedInterfaceOrientations_iPhone = "UIInterfaceOrientationPortrait UIInterfaceOrientationLandscapeLeft UIInterfaceOrientationLandscapeRight";
				LD_RUNPATH_SEARCH_PATHS = (
					"$(inherited)",
					"@executable_path/Frameworks",
				);
				MARKETING_VERSION = 1.0;
				PRODUCT_BUNDLE_IDENTIFIER = com.tsubuzaki.Talkee;
				PRODUCT_NAME = "$(TARGET_NAME)";
				SWIFT_EMIT_LOC_STRINGS = YES;
				SWIFT_VERSION = 5.0;
				TARGETED_DEVICE_FAMILY = "1,2";
			};
			name = Debug;
		};
		E4A734872C14286800ECC3B4 /* Release */ = {
			isa = XCBuildConfiguration;
			buildSettings = {
				ASSETCATALOG_COMPILER_APPICON_NAME = AppIcon;
				ASSETCATALOG_COMPILER_GLOBAL_ACCENT_COLOR_NAME = AccentColor;
				CODE_SIGN_STYLE = Automatic;
				CURRENT_PROJECT_VERSION = 1;
				DEVELOPMENT_TEAM = YYM4Z6MU8F;
				ENABLE_PREVIEWS = YES;
				GENERATE_INFOPLIST_FILE = YES;
				INFOPLIST_KEY_NSMicrophoneUsageDescription = "Talkee uses your microphone to transcribe speech picked up from it.";
				INFOPLIST_KEY_UIApplicationSceneManifest_Generation = YES;
				INFOPLIST_KEY_UIApplicationSupportsIndirectInputEvents = YES;
				INFOPLIST_KEY_UILaunchScreen_Generation = YES;
				INFOPLIST_KEY_UISupportedInterfaceOrientations_iPad = "UIInterfaceOrientationPortrait UIInterfaceOrientationPortraitUpsideDown UIInterfaceOrientationLandscapeLeft UIInterfaceOrientationLandscapeRight";
				INFOPLIST_KEY_UISupportedInterfaceOrientations_iPhone = "UIInterfaceOrientationPortrait UIInterfaceOrientationLandscapeLeft UIInterfaceOrientationLandscapeRight";
				LD_RUNPATH_SEARCH_PATHS = (
					"$(inherited)",
					"@executable_path/Frameworks",
				);
				MARKETING_VERSION = 1.0;
				PRODUCT_BUNDLE_IDENTIFIER = com.tsubuzaki.Talkee;
				PRODUCT_NAME = "$(TARGET_NAME)";
				SWIFT_EMIT_LOC_STRINGS = YES;
				SWIFT_VERSION = 5.0;
				TARGETED_DEVICE_FAMILY = "1,2";
			};
			name = Release;
		};
/* End XCBuildConfiguration section */

/* Begin XCConfigurationList section */
		E4A734702C14286700ECC3B4 /* Build configuration list for PBXProject "Talkee" */ = {
			isa = XCConfigurationList;
			buildConfigurations = (
				E4A734832C14286800ECC3B4 /* Debug */,
				E4A734842C14286800ECC3B4 /* Release */,
			);
			defaultConfigurationIsVisible = 0;
			defaultConfigurationName = Release;
		};
		E4A734852C14286800ECC3B4 /* Build configuration list for PBXNativeTarget "Talkee" */ = {
			isa = XCConfigurationList;
			buildConfigurations = (
				E4A734862C14286800ECC3B4 /* Debug */,
				E4A734872C14286800ECC3B4 /* Release */,
			);
			defaultConfigurationIsVisible = 0;
			defaultConfigurationName = Release;
		};
/* End XCConfigurationList section */

/* Begin XCRemoteSwiftPackageReference section */
		E4A734882C1428AA00ECC3B4 /* XCRemoteSwiftPackageReference "SwiftWhisper" */ = {
			isa = XCRemoteSwiftPackageReference;
			repositoryURL = "https://github.com/exPHAT/SwiftWhisper.git";
			requirement = {
				kind = upToNextMinorVersion;
				minimumVersion = 1.2.0;
			};
		};
		E4A7348F2C14302F00ECC3B4 /* XCRemoteSwiftPackageReference "Komponents" */ = {
			isa = XCRemoteSwiftPackageReference;
			repositoryURL = "https://github.com/katagaki/Komponents";
			requirement = {
				branch = main;
				kind = branch;
			};
		};
/* End XCRemoteSwiftPackageReference section */

/* Begin XCSwiftPackageProductDependency section */
		E4A734892C1428AA00ECC3B4 /* SwiftWhisper */ = {
			isa = XCSwiftPackageProductDependency;
			package = E4A734882C1428AA00ECC3B4 /* XCRemoteSwiftPackageReference "SwiftWhisper" */;
			productName = SwiftWhisper;
		};
		E4A734902C14302F00ECC3B4 /* Komponents */ = {
			isa = XCSwiftPackageProductDependency;
			package = E4A7348F2C14302F00ECC3B4 /* XCRemoteSwiftPackageReference "Komponents" */;
			productName = Komponents;
		};
/* End XCSwiftPackageProductDependency section */
	};
	rootObject = E4A7346D2C14286700ECC3B4 /* Project object */;
}
